// !$*UTF8*$!
{
	archiveVersion = 1;
	classes = {
	};
	objectVersion = 51;
	objects = {

/* Begin PBXBuildFile section */
		68850D2D54669EB27FAF77CA /* Pods_ApolloGraphQL.framework in Frameworks */ = {isa = PBXBuildFile; fileRef = ECC8C2ECD9C48907865EC0F2 /* Pods_ApolloGraphQL.framework */; };
		BC225CC124D88DA400E2D68A /* API.swift in Sources */ = {isa = PBXBuildFile; fileRef = BC225CC024D88DA400E2D68A /* API.swift */; };
		BC225CC324D8927600E2D68A /* Networkl.swift in Sources */ = {isa = PBXBuildFile; fileRef = BC225CC224D8927600E2D68A /* Networkl.swift */; };
		BC225CC624D9D26600E2D68A /* IssueModel.swift in Sources */ = {isa = PBXBuildFile; fileRef = BC225CC524D9D26600E2D68A /* IssueModel.swift */; };
		BC225CCA24D9D6C900E2D68A /* LoginViewController.swift in Sources */ = {isa = PBXBuildFile; fileRef = BC225CC924D9D6C900E2D68A /* LoginViewController.swift */; };
		BC225CCD24D9D71700E2D68A /* Utils.swift in Sources */ = {isa = PBXBuildFile; fileRef = BC225CCC24D9D71700E2D68A /* Utils.swift */; };
		BC225CCF24D9D7C400E2D68A /* Login.storyboard in Resources */ = {isa = PBXBuildFile; fileRef = BC225CCE24D9D7C400E2D68A /* Login.storyboard */; };
		BC225CD224D9DA9B00E2D68A /* IssuesViewController.swift in Sources */ = {isa = PBXBuildFile; fileRef = BC225CD124D9DA9B00E2D68A /* IssuesViewController.swift */; };
		BC225CD424D9DAD600E2D68A /* Issues.storyboard in Resources */ = {isa = PBXBuildFile; fileRef = BC225CD324D9DAD600E2D68A /* Issues.storyboard */; };
		BC225CD824D9DDA200E2D68A /* IssuesTableViewCell.swift in Sources */ = {isa = PBXBuildFile; fileRef = BC225CD724D9DDA200E2D68A /* IssuesTableViewCell.swift */; };
		BC225CDA24D9DDD400E2D68A /* IssuesTableViewCell.xib in Resources */ = {isa = PBXBuildFile; fileRef = BC225CD924D9DDD400E2D68A /* IssuesTableViewCell.xib */; };
		BC5ED41624D7EF6B0082147A /* AppDelegate.swift in Sources */ = {isa = PBXBuildFile; fileRef = BC5ED41524D7EF6B0082147A /* AppDelegate.swift */; };
		BC5ED41824D7EF6B0082147A /* SceneDelegate.swift in Sources */ = {isa = PBXBuildFile; fileRef = BC5ED41724D7EF6B0082147A /* SceneDelegate.swift */; };
		BC5ED41A24D7EF6B0082147A /* ViewController.swift in Sources */ = {isa = PBXBuildFile; fileRef = BC5ED41924D7EF6B0082147A /* ViewController.swift */; };
		BC5ED41D24D7EF6B0082147A /* Main.storyboard in Resources */ = {isa = PBXBuildFile; fileRef = BC5ED41B24D7EF6B0082147A /* Main.storyboard */; };
		BC5ED41F24D7EF6D0082147A /* Assets.xcassets in Resources */ = {isa = PBXBuildFile; fileRef = BC5ED41E24D7EF6D0082147A /* Assets.xcassets */; };
		BC5ED42224D7EF6D0082147A /* LaunchScreen.storyboard in Resources */ = {isa = PBXBuildFile; fileRef = BC5ED42024D7EF6D0082147A /* LaunchScreen.storyboard */; };
		BCD593EA24DB1573007E155A /* IssueDetailViewController.swift in Sources */ = {isa = PBXBuildFile; fileRef = BCD593E924DB1573007E155A /* IssueDetailViewController.swift */; };
		BCD593EC24DB15CE007E155A /* IssueDetail.storyboard in Resources */ = {isa = PBXBuildFile; fileRef = BCD593EB24DB15CE007E155A /* IssueDetail.storyboard */; };
		BCD593F224DBAC7B007E155A /* IssueDetailTableViewHeaderView.swift in Sources */ = {isa = PBXBuildFile; fileRef = BCD593F124DBAC7B007E155A /* IssueDetailTableViewHeaderView.swift */; };
		BCD593F424DBACB7007E155A /* IssueDetailTableViewHeaderView.xib in Resources */ = {isa = PBXBuildFile; fileRef = BCD593F324DBACB7007E155A /* IssueDetailTableViewHeaderView.xib */; };
		BCD593F724DBB0A2007E155A /* IssueDetailTableViewFooterView.swift in Sources */ = {isa = PBXBuildFile; fileRef = BCD593F624DBB0A2007E155A /* IssueDetailTableViewFooterView.swift */; };
		BCD593F924DBB0D8007E155A /* IssueDetailTableViewFooterView.xib in Resources */ = {isa = PBXBuildFile; fileRef = BCD593F824DBB0D8007E155A /* IssueDetailTableViewFooterView.xib */; };
		BCD593FE24DBB184007E155A /* IssueCommentTableViewCell.swift in Sources */ = {isa = PBXBuildFile; fileRef = BCD593FD24DBB184007E155A /* IssueCommentTableViewCell.swift */; };
		BCD5940024DBB1B1007E155A /* IssueCommentTableViewCell.xib in Resources */ = {isa = PBXBuildFile; fileRef = BCD593FF24DBB1B1007E155A /* IssueCommentTableViewCell.xib */; };
		BCD5940324DBB61F007E155A /* IssueDetailHeaderTableViewCell.swift in Sources */ = {isa = PBXBuildFile; fileRef = BCD5940224DBB61F007E155A /* IssueDetailHeaderTableViewCell.swift */; };
		BCD5940524DBB64E007E155A /* IssueDetailHeaderTableViewCell.xib in Resources */ = {isa = PBXBuildFile; fileRef = BCD5940424DBB64E007E155A /* IssueDetailHeaderTableViewCell.xib */; };
		BCE262F924DBE68900DAF90C /* PersonalAccessToken.swift in Sources */ = {isa = PBXBuildFile; fileRef = BCE262F824DBE68900DAF90C /* PersonalAccessToken.swift */; };
		BCE262FC24DBEAB700DAF90C /* IssueNodeModel.swift in Sources */ = {isa = PBXBuildFile; fileRef = BCE262FB24DBEAB700DAF90C /* IssueNodeModel.swift */; };
		BCE2630024DBEB1200DAF90C /* IssueNodeCommentModel.swift in Sources */ = {isa = PBXBuildFile; fileRef = BCE262FF24DBEB1200DAF90C /* IssueNodeCommentModel.swift */; };
		BCE2630224DBEB3100DAF90C /* IssueCommentNodeModel.swift in Sources */ = {isa = PBXBuildFile; fileRef = BCE2630124DBEB3100DAF90C /* IssueCommentNodeModel.swift */; };
		BCE2630524DBEB5D00DAF90C /* IssueCommentNodeDetailModel.swift in Sources */ = {isa = PBXBuildFile; fileRef = BCE2630424DBEB5D00DAF90C /* IssueCommentNodeDetailModel.swift */; };
		BCE2630824DBECEA00DAF90C /* PersonModel.swift in Sources */ = {isa = PBXBuildFile; fileRef = BCE2630724DBECEA00DAF90C /* PersonModel.swift */; };
		BCF5F40324DBEE5A002C2B53 /* IssueAssigneesModel.swift in Sources */ = {isa = PBXBuildFile; fileRef = BCF5F40224DBEE5A002C2B53 /* IssueAssigneesModel.swift */; };
		BCF5F40524DBF1E7002C2B53 /* IssueAssigneesNodeModel.swift in Sources */ = {isa = PBXBuildFile; fileRef = BCF5F40424DBF1E7002C2B53 /* IssueAssigneesNodeModel.swift */; };
		BCF5F40824DBF3AB002C2B53 /* IssueMilestoneModel.swift in Sources */ = {isa = PBXBuildFile; fileRef = BCF5F40724DBF3AB002C2B53 /* IssueMilestoneModel.swift */; };
		BCF5F40B24DBF532002C2B53 /* IssueParticipantsModel.swift in Sources */ = {isa = PBXBuildFile; fileRef = BCF5F40A24DBF532002C2B53 /* IssueParticipantsModel.swift */; };
		BCF5F40E24DBFB1C002C2B53 /* IssueLabelsModel.swift in Sources */ = {isa = PBXBuildFile; fileRef = BCF5F40D24DBFB1C002C2B53 /* IssueLabelsModel.swift */; };
		BCF5F41024DBFD31002C2B53 /* IssueLabelsDetailModel.swift in Sources */ = {isa = PBXBuildFile; fileRef = BCF5F40F24DBFD31002C2B53 /* IssueLabelsDetailModel.swift */; };
		BCF5F41224DC10EC002C2B53 /* IssueParticipantsNodeModel.swift in Sources */ = {isa = PBXBuildFile; fileRef = BCF5F41124DC10EC002C2B53 /* IssueParticipantsNodeModel.swift */; };
		BCF5F41424DC1B85002C2B53 /* IssueDetailViewProtocol.swift in Sources */ = {isa = PBXBuildFile; fileRef = BCF5F41324DC1B85002C2B53 /* IssueDetailViewProtocol.swift */; };
		BCF5F41724DC2FE3002C2B53 /* IssueDetailPresenterProtocol.swift in Sources */ = {isa = PBXBuildFile; fileRef = BCF5F41624DC2FE3002C2B53 /* IssueDetailPresenterProtocol.swift */; };
		BCF5F41924DC3BBE002C2B53 /* IssueDetailPresenter.swift in Sources */ = {isa = PBXBuildFile; fileRef = BCF5F41824DC3BBE002C2B53 /* IssueDetailPresenter.swift */; };
		BCF5F41C24DC3C03002C2B53 /* IssueDetailWireFrameProtocol.swift in Sources */ = {isa = PBXBuildFile; fileRef = BCF5F41B24DC3C03002C2B53 /* IssueDetailWireFrameProtocol.swift */; };
		BCF5F41E24DC57B9002C2B53 /* IssueDetailWireFrame.swift in Sources */ = {isa = PBXBuildFile; fileRef = BCF5F41D24DC57B9002C2B53 /* IssueDetailWireFrame.swift */; };
		BCF5F42124DC5BB9002C2B53 /* IssuesPresenterProtocol.swift in Sources */ = {isa = PBXBuildFile; fileRef = BCF5F42024DC5BB9002C2B53 /* IssuesPresenterProtocol.swift */; };
		BCF5F42324DC6263002C2B53 /* IssuesViewProtocol.swift in Sources */ = {isa = PBXBuildFile; fileRef = BCF5F42224DC6263002C2B53 /* IssuesViewProtocol.swift */; };
		BCF5F42524DC62CC002C2B53 /* IssuesPresenter.swift in Sources */ = {isa = PBXBuildFile; fileRef = BCF5F42424DC62CC002C2B53 /* IssuesPresenter.swift */; };
		BCF5F42824DC6314002C2B53 /* IssuesInteractorProtocol.swift in Sources */ = {isa = PBXBuildFile; fileRef = BCF5F42724DC6314002C2B53 /* IssuesInteractorProtocol.swift */; };
		BCF5F42A24DC6457002C2B53 /* IssuesInteractor.swift in Sources */ = {isa = PBXBuildFile; fileRef = BCF5F42924DC6457002C2B53 /* IssuesInteractor.swift */; };
		BCF5F42E24DC6526002C2B53 /* IssuesLocalDataManagerProtocol.swift in Sources */ = {isa = PBXBuildFile; fileRef = BCF5F42D24DC6526002C2B53 /* IssuesLocalDataManagerProtocol.swift */; };
		BCF5F43024DC6554002C2B53 /* IssuesLocalDataManager.swift in Sources */ = {isa = PBXBuildFile; fileRef = BCF5F42F24DC6554002C2B53 /* IssuesLocalDataManager.swift */; };
		BCF5F43324DC65E8002C2B53 /* IssuesRemoteDataManagerProtocol.swift in Sources */ = {isa = PBXBuildFile; fileRef = BCF5F43224DC65E8002C2B53 /* IssuesRemoteDataManagerProtocol.swift */; };
		BCF5F43524DC666D002C2B53 /* IssuesRemoteDataManager.swift in Sources */ = {isa = PBXBuildFile; fileRef = BCF5F43424DC666D002C2B53 /* IssuesRemoteDataManager.swift */; };
		BCF5F43824DC683E002C2B53 /* IssuesWireFrameProtocol.swift in Sources */ = {isa = PBXBuildFile; fileRef = BCF5F43724DC683E002C2B53 /* IssuesWireFrameProtocol.swift */; };
		BCF5F43A24DC6860002C2B53 /* IssuesWireFrame.swift in Sources */ = {isa = PBXBuildFile; fileRef = BCF5F43924DC6860002C2B53 /* IssuesWireFrame.swift */; };
		BCF5F43D24DC6B8C002C2B53 /* Realm.swift in Sources */ = {isa = PBXBuildFile; fileRef = BCF5F43C24DC6B8C002C2B53 /* Realm.swift */; };
		BCF5F44024DC70AD002C2B53 /* IssueDetailInteractorProtocol.swift in Sources */ = {isa = PBXBuildFile; fileRef = BCF5F43F24DC70AD002C2B53 /* IssueDetailInteractorProtocol.swift */; };
		BCF5F44224DC7199002C2B53 /* IssueDetailInteractor.swift in Sources */ = {isa = PBXBuildFile; fileRef = BCF5F44124DC7199002C2B53 /* IssueDetailInteractor.swift */; };
		BCF5F44724DC7300002C2B53 /* IssueDetailLocalDataManagerProtocol.swift in Sources */ = {isa = PBXBuildFile; fileRef = BCF5F44624DC7300002C2B53 /* IssueDetailLocalDataManagerProtocol.swift */; };
		BCF5F44924DC732C002C2B53 /* IssueDetailLocalDataManager.swift in Sources */ = {isa = PBXBuildFile; fileRef = BCF5F44824DC732C002C2B53 /* IssueDetailLocalDataManager.swift */; };
/* End PBXBuildFile section */

/* Begin PBXFileReference section */
		74BD593F3FDBA95AE6414160 /* Pods-ApolloGraphQL.debug.xcconfig */ = {isa = PBXFileReference; includeInIndex = 1; lastKnownFileType = text.xcconfig; name = "Pods-ApolloGraphQL.debug.xcconfig"; path = "Target Support Files/Pods-ApolloGraphQL/Pods-ApolloGraphQL.debug.xcconfig"; sourceTree = "<group>"; };
		ACDBA350A66947E99133F508 /* Pods-ApolloGraphQL.release.xcconfig */ = {isa = PBXFileReference; includeInIndex = 1; lastKnownFileType = text.xcconfig; name = "Pods-ApolloGraphQL.release.xcconfig"; path = "Target Support Files/Pods-ApolloGraphQL/Pods-ApolloGraphQL.release.xcconfig"; sourceTree = "<group>"; };
		BC225CC024D88DA400E2D68A /* API.swift */ = {isa = PBXFileReference; fileEncoding = 4; lastKnownFileType = sourcecode.swift; path = API.swift; sourceTree = "<group>"; };
		BC225CC224D8927600E2D68A /* Networkl.swift */ = {isa = PBXFileReference; fileEncoding = 4; lastKnownFileType = sourcecode.swift; path = Networkl.swift; sourceTree = "<group>"; };
		BC225CC524D9D26600E2D68A /* IssueModel.swift */ = {isa = PBXFileReference; lastKnownFileType = sourcecode.swift; path = IssueModel.swift; sourceTree = "<group>"; };
		BC225CC924D9D6C900E2D68A /* LoginViewController.swift */ = {isa = PBXFileReference; lastKnownFileType = sourcecode.swift; path = LoginViewController.swift; sourceTree = "<group>"; };
		BC225CCC24D9D71700E2D68A /* Utils.swift */ = {isa = PBXFileReference; lastKnownFileType = sourcecode.swift; path = Utils.swift; sourceTree = "<group>"; };
		BC225CCE24D9D7C400E2D68A /* Login.storyboard */ = {isa = PBXFileReference; lastKnownFileType = file.storyboard; path = Login.storyboard; sourceTree = "<group>"; };
		BC225CD124D9DA9B00E2D68A /* IssuesViewController.swift */ = {isa = PBXFileReference; lastKnownFileType = sourcecode.swift; path = IssuesViewController.swift; sourceTree = "<group>"; };
		BC225CD324D9DAD600E2D68A /* Issues.storyboard */ = {isa = PBXFileReference; lastKnownFileType = file.storyboard; path = Issues.storyboard; sourceTree = "<group>"; };
		BC225CD724D9DDA200E2D68A /* IssuesTableViewCell.swift */ = {isa = PBXFileReference; lastKnownFileType = sourcecode.swift; path = IssuesTableViewCell.swift; sourceTree = "<group>"; };
		BC225CD924D9DDD400E2D68A /* IssuesTableViewCell.xib */ = {isa = PBXFileReference; lastKnownFileType = file.xib; path = IssuesTableViewCell.xib; sourceTree = "<group>"; };
		BC5ED41224D7EF6B0082147A /* ApolloGraphQL.app */ = {isa = PBXFileReference; explicitFileType = wrapper.application; includeInIndex = 0; path = ApolloGraphQL.app; sourceTree = BUILT_PRODUCTS_DIR; };
		BC5ED41524D7EF6B0082147A /* AppDelegate.swift */ = {isa = PBXFileReference; lastKnownFileType = sourcecode.swift; path = AppDelegate.swift; sourceTree = "<group>"; };
		BC5ED41724D7EF6B0082147A /* SceneDelegate.swift */ = {isa = PBXFileReference; lastKnownFileType = sourcecode.swift; path = SceneDelegate.swift; sourceTree = "<group>"; };
		BC5ED41924D7EF6B0082147A /* ViewController.swift */ = {isa = PBXFileReference; lastKnownFileType = sourcecode.swift; path = ViewController.swift; sourceTree = "<group>"; };
		BC5ED41C24D7EF6B0082147A /* Base */ = {isa = PBXFileReference; lastKnownFileType = file.storyboard; name = Base; path = Base.lproj/Main.storyboard; sourceTree = "<group>"; };
		BC5ED41E24D7EF6D0082147A /* Assets.xcassets */ = {isa = PBXFileReference; lastKnownFileType = folder.assetcatalog; path = Assets.xcassets; sourceTree = "<group>"; };
		BC5ED42124D7EF6D0082147A /* Base */ = {isa = PBXFileReference; lastKnownFileType = file.storyboard; name = Base; path = Base.lproj/LaunchScreen.storyboard; sourceTree = "<group>"; };
		BC5ED42324D7EF6D0082147A /* Info.plist */ = {isa = PBXFileReference; lastKnownFileType = text.plist.xml; path = Info.plist; sourceTree = "<group>"; };
		BCD593E924DB1573007E155A /* IssueDetailViewController.swift */ = {isa = PBXFileReference; lastKnownFileType = sourcecode.swift; path = IssueDetailViewController.swift; sourceTree = "<group>"; };
		BCD593EB24DB15CE007E155A /* IssueDetail.storyboard */ = {isa = PBXFileReference; lastKnownFileType = file.storyboard; path = IssueDetail.storyboard; sourceTree = "<group>"; };
		BCD593F124DBAC7B007E155A /* IssueDetailTableViewHeaderView.swift */ = {isa = PBXFileReference; lastKnownFileType = sourcecode.swift; path = IssueDetailTableViewHeaderView.swift; sourceTree = "<group>"; };
		BCD593F324DBACB7007E155A /* IssueDetailTableViewHeaderView.xib */ = {isa = PBXFileReference; lastKnownFileType = file.xib; path = IssueDetailTableViewHeaderView.xib; sourceTree = "<group>"; };
		BCD593F624DBB0A2007E155A /* IssueDetailTableViewFooterView.swift */ = {isa = PBXFileReference; lastKnownFileType = sourcecode.swift; path = IssueDetailTableViewFooterView.swift; sourceTree = "<group>"; };
		BCD593F824DBB0D8007E155A /* IssueDetailTableViewFooterView.xib */ = {isa = PBXFileReference; lastKnownFileType = file.xib; path = IssueDetailTableViewFooterView.xib; sourceTree = "<group>"; };
		BCD593FD24DBB184007E155A /* IssueCommentTableViewCell.swift */ = {isa = PBXFileReference; lastKnownFileType = sourcecode.swift; path = IssueCommentTableViewCell.swift; sourceTree = "<group>"; };
		BCD593FF24DBB1B1007E155A /* IssueCommentTableViewCell.xib */ = {isa = PBXFileReference; lastKnownFileType = file.xib; path = IssueCommentTableViewCell.xib; sourceTree = "<group>"; };
		BCD5940224DBB61F007E155A /* IssueDetailHeaderTableViewCell.swift */ = {isa = PBXFileReference; lastKnownFileType = sourcecode.swift; path = IssueDetailHeaderTableViewCell.swift; sourceTree = "<group>"; };
		BCD5940424DBB64E007E155A /* IssueDetailHeaderTableViewCell.xib */ = {isa = PBXFileReference; lastKnownFileType = file.xib; path = IssueDetailHeaderTableViewCell.xib; sourceTree = "<group>"; };
		BCE262F824DBE68900DAF90C /* PersonalAccessToken.swift */ = {isa = PBXFileReference; lastKnownFileType = sourcecode.swift; path = PersonalAccessToken.swift; sourceTree = "<group>"; };
		BCE262FB24DBEAB700DAF90C /* IssueNodeModel.swift */ = {isa = PBXFileReference; lastKnownFileType = sourcecode.swift; path = IssueNodeModel.swift; sourceTree = "<group>"; };
		BCE262FF24DBEB1200DAF90C /* IssueNodeCommentModel.swift */ = {isa = PBXFileReference; lastKnownFileType = sourcecode.swift; path = IssueNodeCommentModel.swift; sourceTree = "<group>"; };
		BCE2630124DBEB3100DAF90C /* IssueCommentNodeModel.swift */ = {isa = PBXFileReference; lastKnownFileType = sourcecode.swift; path = IssueCommentNodeModel.swift; sourceTree = "<group>"; };
		BCE2630424DBEB5D00DAF90C /* IssueCommentNodeDetailModel.swift */ = {isa = PBXFileReference; lastKnownFileType = sourcecode.swift; path = IssueCommentNodeDetailModel.swift; sourceTree = "<group>"; };
		BCE2630724DBECEA00DAF90C /* PersonModel.swift */ = {isa = PBXFileReference; lastKnownFileType = sourcecode.swift; path = PersonModel.swift; sourceTree = "<group>"; };
		BCF5F40224DBEE5A002C2B53 /* IssueAssigneesModel.swift */ = {isa = PBXFileReference; lastKnownFileType = sourcecode.swift; path = IssueAssigneesModel.swift; sourceTree = "<group>"; };
		BCF5F40424DBF1E7002C2B53 /* IssueAssigneesNodeModel.swift */ = {isa = PBXFileReference; lastKnownFileType = sourcecode.swift; path = IssueAssigneesNodeModel.swift; sourceTree = "<group>"; };
		BCF5F40724DBF3AB002C2B53 /* IssueMilestoneModel.swift */ = {isa = PBXFileReference; lastKnownFileType = sourcecode.swift; path = IssueMilestoneModel.swift; sourceTree = "<group>"; };
		BCF5F40A24DBF532002C2B53 /* IssueParticipantsModel.swift */ = {isa = PBXFileReference; lastKnownFileType = sourcecode.swift; path = IssueParticipantsModel.swift; sourceTree = "<group>"; };
		BCF5F40D24DBFB1C002C2B53 /* IssueLabelsModel.swift */ = {isa = PBXFileReference; lastKnownFileType = sourcecode.swift; path = IssueLabelsModel.swift; sourceTree = "<group>"; };
		BCF5F40F24DBFD31002C2B53 /* IssueLabelsDetailModel.swift */ = {isa = PBXFileReference; lastKnownFileType = sourcecode.swift; path = IssueLabelsDetailModel.swift; sourceTree = "<group>"; };
		BCF5F41124DC10EC002C2B53 /* IssueParticipantsNodeModel.swift */ = {isa = PBXFileReference; lastKnownFileType = sourcecode.swift; path = IssueParticipantsNodeModel.swift; sourceTree = "<group>"; };
		BCF5F41324DC1B85002C2B53 /* IssueDetailViewProtocol.swift */ = {isa = PBXFileReference; lastKnownFileType = sourcecode.swift; path = IssueDetailViewProtocol.swift; sourceTree = "<group>"; };
		BCF5F41624DC2FE3002C2B53 /* IssueDetailPresenterProtocol.swift */ = {isa = PBXFileReference; lastKnownFileType = sourcecode.swift; path = IssueDetailPresenterProtocol.swift; sourceTree = "<group>"; };
		BCF5F41824DC3BBE002C2B53 /* IssueDetailPresenter.swift */ = {isa = PBXFileReference; lastKnownFileType = sourcecode.swift; path = IssueDetailPresenter.swift; sourceTree = "<group>"; };
		BCF5F41B24DC3C03002C2B53 /* IssueDetailWireFrameProtocol.swift */ = {isa = PBXFileReference; lastKnownFileType = sourcecode.swift; path = IssueDetailWireFrameProtocol.swift; sourceTree = "<group>"; };
		BCF5F41D24DC57B9002C2B53 /* IssueDetailWireFrame.swift */ = {isa = PBXFileReference; lastKnownFileType = sourcecode.swift; path = IssueDetailWireFrame.swift; sourceTree = "<group>"; };
		BCF5F42024DC5BB9002C2B53 /* IssuesPresenterProtocol.swift */ = {isa = PBXFileReference; lastKnownFileType = sourcecode.swift; path = IssuesPresenterProtocol.swift; sourceTree = "<group>"; };
		BCF5F42224DC6263002C2B53 /* IssuesViewProtocol.swift */ = {isa = PBXFileReference; lastKnownFileType = sourcecode.swift; path = IssuesViewProtocol.swift; sourceTree = "<group>"; };
		BCF5F42424DC62CC002C2B53 /* IssuesPresenter.swift */ = {isa = PBXFileReference; lastKnownFileType = sourcecode.swift; path = IssuesPresenter.swift; sourceTree = "<group>"; };
		BCF5F42724DC6314002C2B53 /* IssuesInteractorProtocol.swift */ = {isa = PBXFileReference; lastKnownFileType = sourcecode.swift; path = IssuesInteractorProtocol.swift; sourceTree = "<group>"; };
		BCF5F42924DC6457002C2B53 /* IssuesInteractor.swift */ = {isa = PBXFileReference; lastKnownFileType = sourcecode.swift; path = IssuesInteractor.swift; sourceTree = "<group>"; };
		BCF5F42D24DC6526002C2B53 /* IssuesLocalDataManagerProtocol.swift */ = {isa = PBXFileReference; lastKnownFileType = sourcecode.swift; path = IssuesLocalDataManagerProtocol.swift; sourceTree = "<group>"; };
		BCF5F42F24DC6554002C2B53 /* IssuesLocalDataManager.swift */ = {isa = PBXFileReference; lastKnownFileType = sourcecode.swift; path = IssuesLocalDataManager.swift; sourceTree = "<group>"; };
		BCF5F43224DC65E8002C2B53 /* IssuesRemoteDataManagerProtocol.swift */ = {isa = PBXFileReference; lastKnownFileType = sourcecode.swift; path = IssuesRemoteDataManagerProtocol.swift; sourceTree = "<group>"; };
		BCF5F43424DC666D002C2B53 /* IssuesRemoteDataManager.swift */ = {isa = PBXFileReference; lastKnownFileType = sourcecode.swift; path = IssuesRemoteDataManager.swift; sourceTree = "<group>"; };
		BCF5F43724DC683E002C2B53 /* IssuesWireFrameProtocol.swift */ = {isa = PBXFileReference; lastKnownFileType = sourcecode.swift; path = IssuesWireFrameProtocol.swift; sourceTree = "<group>"; };
		BCF5F43924DC6860002C2B53 /* IssuesWireFrame.swift */ = {isa = PBXFileReference; lastKnownFileType = sourcecode.swift; path = IssuesWireFrame.swift; sourceTree = "<group>"; };
		BCF5F43C24DC6B8C002C2B53 /* Realm.swift */ = {isa = PBXFileReference; lastKnownFileType = sourcecode.swift; path = Realm.swift; sourceTree = "<group>"; };
		BCF5F43F24DC70AD002C2B53 /* IssueDetailInteractorProtocol.swift */ = {isa = PBXFileReference; lastKnownFileType = sourcecode.swift; path = IssueDetailInteractorProtocol.swift; sourceTree = "<group>"; };
		BCF5F44124DC7199002C2B53 /* IssueDetailInteractor.swift */ = {isa = PBXFileReference; lastKnownFileType = sourcecode.swift; path = IssueDetailInteractor.swift; sourceTree = "<group>"; };
		BCF5F44624DC7300002C2B53 /* IssueDetailLocalDataManagerProtocol.swift */ = {isa = PBXFileReference; lastKnownFileType = sourcecode.swift; path = IssueDetailLocalDataManagerProtocol.swift; sourceTree = "<group>"; };
		BCF5F44824DC732C002C2B53 /* IssueDetailLocalDataManager.swift */ = {isa = PBXFileReference; lastKnownFileType = sourcecode.swift; path = IssueDetailLocalDataManager.swift; sourceTree = "<group>"; };
		ECC8C2ECD9C48907865EC0F2 /* Pods_ApolloGraphQL.framework */ = {isa = PBXFileReference; explicitFileType = wrapper.framework; includeInIndex = 0; path = Pods_ApolloGraphQL.framework; sourceTree = BUILT_PRODUCTS_DIR; };
/* End PBXFileReference section */

/* Begin PBXFrameworksBuildPhase section */
		BC5ED40F24D7EF6B0082147A /* Frameworks */ = {
			isa = PBXFrameworksBuildPhase;
			buildActionMask = 2147483647;
			files = (
				68850D2D54669EB27FAF77CA /* Pods_ApolloGraphQL.framework in Frameworks */,
			);
			runOnlyForDeploymentPostprocessing = 0;
		};
/* End PBXFrameworksBuildPhase section */

/* Begin PBXGroup section */
		4632AEF1EEF6D5C58B9D5563 /* Pods */ = {
			isa = PBXGroup;
			children = (
				74BD593F3FDBA95AE6414160 /* Pods-ApolloGraphQL.debug.xcconfig */,
				ACDBA350A66947E99133F508 /* Pods-ApolloGraphQL.release.xcconfig */,
			);
			path = Pods;
			sourceTree = "<group>";
		};
		91D060E0710CE571225D5D05 /* Frameworks */ = {
			isa = PBXGroup;
			children = (
				ECC8C2ECD9C48907865EC0F2 /* Pods_ApolloGraphQL.framework */,
			);
			name = Frameworks;
			sourceTree = "<group>";
		};
		BC225CC424D9CFD200E2D68A /* Model */ = {
			isa = PBXGroup;
			children = (
				BCF5F40C24DBF7BF002C2B53 /* Labels */,
				BCF5F40924DBF509002C2B53 /* Participants */,
				BCF5F40624DBF2A4002C2B53 /* Milestone */,
				BCE2630624DBEBAA00DAF90C /* Assigness */,
				BCE2630324DBEB4800DAF90C /* Comment */,
				BC225CC524D9D26600E2D68A /* IssueModel.swift */,
				BCE2630724DBECEA00DAF90C /* PersonModel.swift */,
				BCE262FB24DBEAB700DAF90C /* IssueNodeModel.swift */,
			);
			path = Model;
			sourceTree = "<group>";
		};
		BC225CC724D9D68400E2D68A /* Screen */ = {
			isa = PBXGroup;
			children = (
				BCD593E824DB1564007E155A /* IssueDetail */,
				BC225CD024D9DA8B00E2D68A /* Issues */,
				BC225CC824D9D69400E2D68A /* Login */,
			);
			path = Screen;
			sourceTree = "<group>";
		};
		BC225CC824D9D69400E2D68A /* Login */ = {
			isa = PBXGroup;
			children = (
				BC225CC924D9D6C900E2D68A /* LoginViewController.swift */,
				BC225CCE24D9D7C400E2D68A /* Login.storyboard */,
			);
			path = Login;
			sourceTree = "<group>";
		};
		BC225CCB24D9D70200E2D68A /* Utils */ = {
			isa = PBXGroup;
			children = (
				BC225CCC24D9D71700E2D68A /* Utils.swift */,
			);
			path = Utils;
			sourceTree = "<group>";
		};
		BC225CD024D9DA8B00E2D68A /* Issues */ = {
			isa = PBXGroup;
			children = (
				BCF5F43624DC682D002C2B53 /* WireFrame */,
				BCF5F42B24DC6510002C2B53 /* Data */,
				BCF5F42624DC6308002C2B53 /* Interactor */,
				BCF5F41F24DC5B3F002C2B53 /* Presenter */,
				BC225CD524D9DD8300E2D68A /* View */,
				BC225CD624D9DD8E00E2D68A /* IssuesTableViewCell */,
			);
			path = Issues;
			sourceTree = "<group>";
		};
		BC225CD524D9DD8300E2D68A /* View */ = {
			isa = PBXGroup;
			children = (
				BC225CD124D9DA9B00E2D68A /* IssuesViewController.swift */,
				BCF5F42224DC6263002C2B53 /* IssuesViewProtocol.swift */,
				BC225CD324D9DAD600E2D68A /* Issues.storyboard */,
			);
			path = View;
			sourceTree = "<group>";
		};
		BC225CD624D9DD8E00E2D68A /* IssuesTableViewCell */ = {
			isa = PBXGroup;
			children = (
				BC225CD724D9DDA200E2D68A /* IssuesTableViewCell.swift */,
				BC225CD924D9DDD400E2D68A /* IssuesTableViewCell.xib */,
			);
			path = IssuesTableViewCell;
			sourceTree = "<group>";
		};
		BC5ED40924D7EF6B0082147A = {
			isa = PBXGroup;
			children = (
				BC5ED41424D7EF6B0082147A /* ApolloGraphQL */,
				BC5ED41324D7EF6B0082147A /* Products */,
				4632AEF1EEF6D5C58B9D5563 /* Pods */,
				91D060E0710CE571225D5D05 /* Frameworks */,
			);
			sourceTree = "<group>";
		};
		BC5ED41324D7EF6B0082147A /* Products */ = {
			isa = PBXGroup;
			children = (
				BC5ED41224D7EF6B0082147A /* ApolloGraphQL.app */,
			);
			name = Products;
			sourceTree = "<group>";
		};
		BC5ED41424D7EF6B0082147A /* ApolloGraphQL */ = {
			isa = PBXGroup;
			children = (
				BCF5F43B24DC6B83002C2B53 /* Extension */,
				BCE262FA24DBE7AB00DAF90C /* PersonalAccessToken */,
				BC225CC024D88DA400E2D68A /* API.swift */,
				BC225CC424D9CFD200E2D68A /* Model */,
				BC5ED42A24D7F1100082147A /* Network */,
				BC225CC724D9D68400E2D68A /* Screen */,
				BC225CCB24D9D70200E2D68A /* Utils */,
				BC5ED41524D7EF6B0082147A /* AppDelegate.swift */,
				BC5ED41724D7EF6B0082147A /* SceneDelegate.swift */,
				BC5ED41924D7EF6B0082147A /* ViewController.swift */,
				BC5ED41B24D7EF6B0082147A /* Main.storyboard */,
				BC5ED41E24D7EF6D0082147A /* Assets.xcassets */,
				BC5ED42024D7EF6D0082147A /* LaunchScreen.storyboard */,
				BC5ED42324D7EF6D0082147A /* Info.plist */,
			);
			path = ApolloGraphQL;
			sourceTree = "<group>";
		};
		BC5ED42A24D7F1100082147A /* Network */ = {
			isa = PBXGroup;
			children = (
				BC225CC224D8927600E2D68A /* Networkl.swift */,
			);
			path = Network;
			sourceTree = "<group>";
		};
		BCD593E824DB1564007E155A /* IssueDetail */ = {
			isa = PBXGroup;
			children = (
				BCF5F44324DC72D2002C2B53 /* Data */,
				BCF5F43E24DC709D002C2B53 /* Interactor */,
				BCF5F41A24DC3BF3002C2B53 /* WireFrame */,
				BCF5F41524DC2FCD002C2B53 /* Presenter */,
				BCD593ED24DBAC30007E155A /* View */,
			);
			path = IssueDetail;
			sourceTree = "<group>";
		};
		BCD593ED24DBAC30007E155A /* View */ = {
			isa = PBXGroup;
			children = (
				BCD593FA24DBB13A007E155A /* SubView */,
				BCD593E924DB1573007E155A /* IssueDetailViewController.swift */,
				BCD593EB24DB15CE007E155A /* IssueDetail.storyboard */,
				BCF5F41324DC1B85002C2B53 /* IssueDetailViewProtocol.swift */,
			);
			path = View;
			sourceTree = "<group>";
		};
		BCD593EE24DBAC3D007E155A /* IssueDetailTableViewHeaderView */ = {
			isa = PBXGroup;
			children = (
				BCD593F124DBAC7B007E155A /* IssueDetailTableViewHeaderView.swift */,
				BCD593F324DBACB7007E155A /* IssueDetailTableViewHeaderView.xib */,
			);
			path = IssueDetailTableViewHeaderView;
			sourceTree = "<group>";
		};
		BCD593F524DBB08D007E155A /* IssueDetailTableViewFooterView */ = {
			isa = PBXGroup;
			children = (
				BCD593F624DBB0A2007E155A /* IssueDetailTableViewFooterView.swift */,
				BCD593F824DBB0D8007E155A /* IssueDetailTableViewFooterView.xib */,
			);
			path = IssueDetailTableViewFooterView;
			sourceTree = "<group>";
		};
		BCD593FA24DBB13A007E155A /* SubView */ = {
			isa = PBXGroup;
			children = (
				BCD593FB24DBB144007E155A /* Cell */,
				BCD593F524DBB08D007E155A /* IssueDetailTableViewFooterView */,
				BCD593EE24DBAC3D007E155A /* IssueDetailTableViewHeaderView */,
			);
			path = SubView;
			sourceTree = "<group>";
		};
		BCD593FB24DBB144007E155A /* Cell */ = {
			isa = PBXGroup;
			children = (
				BCD5940124DBB5F2007E155A /* IssueDetailHeaderTableViewCell */,
				BCD593FC24DBB148007E155A /* IssueCommentTableViewCell */,
			);
			path = Cell;
			sourceTree = "<group>";
		};
		BCD593FC24DBB148007E155A /* IssueCommentTableViewCell */ = {
			isa = PBXGroup;
			children = (
				BCD593FD24DBB184007E155A /* IssueCommentTableViewCell.swift */,
				BCD593FF24DBB1B1007E155A /* IssueCommentTableViewCell.xib */,
			);
			path = IssueCommentTableViewCell;
			sourceTree = "<group>";
		};
		BCD5940124DBB5F2007E155A /* IssueDetailHeaderTableViewCell */ = {
			isa = PBXGroup;
			children = (
				BCD5940224DBB61F007E155A /* IssueDetailHeaderTableViewCell.swift */,
				BCD5940424DBB64E007E155A /* IssueDetailHeaderTableViewCell.xib */,
			);
			path = IssueDetailHeaderTableViewCell;
			sourceTree = "<group>";
		};
		BCE262FA24DBE7AB00DAF90C /* PersonalAccessToken */ = {
			isa = PBXGroup;
			children = (
				BCE262F824DBE68900DAF90C /* PersonalAccessToken.swift */,
			);
			path = PersonalAccessToken;
			sourceTree = "<group>";
		};
		BCE2630324DBEB4800DAF90C /* Comment */ = {
			isa = PBXGroup;
			children = (
				BCE262FF24DBEB1200DAF90C /* IssueNodeCommentModel.swift */,
				BCE2630124DBEB3100DAF90C /* IssueCommentNodeModel.swift */,
				BCE2630424DBEB5D00DAF90C /* IssueCommentNodeDetailModel.swift */,
			);
			path = Comment;
			sourceTree = "<group>";
		};
		BCE2630624DBEBAA00DAF90C /* Assigness */ = {
			isa = PBXGroup;
			children = (
				BCF5F40224DBEE5A002C2B53 /* IssueAssigneesModel.swift */,
				BCF5F40424DBF1E7002C2B53 /* IssueAssigneesNodeModel.swift */,
			);
			path = Assigness;
			sourceTree = "<group>";
		};
		BCF5F40624DBF2A4002C2B53 /* Milestone */ = {
			isa = PBXGroup;
			children = (
				BCF5F40724DBF3AB002C2B53 /* IssueMilestoneModel.swift */,
			);
			path = Milestone;
			sourceTree = "<group>";
		};
		BCF5F40924DBF509002C2B53 /* Participants */ = {
			isa = PBXGroup;
			children = (
				BCF5F40A24DBF532002C2B53 /* IssueParticipantsModel.swift */,
				BCF5F41124DC10EC002C2B53 /* IssueParticipantsNodeModel.swift */,
			);
			path = Participants;
			sourceTree = "<group>";
		};
		BCF5F40C24DBF7BF002C2B53 /* Labels */ = {
			isa = PBXGroup;
			children = (
				BCF5F40D24DBFB1C002C2B53 /* IssueLabelsModel.swift */,
				BCF5F40F24DBFD31002C2B53 /* IssueLabelsDetailModel.swift */,
			);
			path = Labels;
			sourceTree = "<group>";
		};
		BCF5F41524DC2FCD002C2B53 /* Presenter */ = {
			isa = PBXGroup;
			children = (
				BCF5F41624DC2FE3002C2B53 /* IssueDetailPresenterProtocol.swift */,
				BCF5F41824DC3BBE002C2B53 /* IssueDetailPresenter.swift */,
			);
			path = Presenter;
			sourceTree = "<group>";
		};
		BCF5F41A24DC3BF3002C2B53 /* WireFrame */ = {
			isa = PBXGroup;
			children = (
				BCF5F41B24DC3C03002C2B53 /* IssueDetailWireFrameProtocol.swift */,
				BCF5F41D24DC57B9002C2B53 /* IssueDetailWireFrame.swift */,
			);
			path = WireFrame;
			sourceTree = "<group>";
		};
		BCF5F41F24DC5B3F002C2B53 /* Presenter */ = {
			isa = PBXGroup;
			children = (
				BCF5F42024DC5BB9002C2B53 /* IssuesPresenterProtocol.swift */,
				BCF5F42424DC62CC002C2B53 /* IssuesPresenter.swift */,
			);
			path = Presenter;
			sourceTree = "<group>";
		};
		BCF5F42624DC6308002C2B53 /* Interactor */ = {
			isa = PBXGroup;
			children = (
				BCF5F42724DC6314002C2B53 /* IssuesInteractorProtocol.swift */,
				BCF5F42924DC6457002C2B53 /* IssuesInteractor.swift */,
			);
			path = Interactor;
			sourceTree = "<group>";
		};
		BCF5F42B24DC6510002C2B53 /* Data */ = {
			isa = PBXGroup;
			children = (
				BCF5F43124DC65DB002C2B53 /* Remote */,
				BCF5F42C24DC6517002C2B53 /* Local */,
			);
			path = Data;
			sourceTree = "<group>";
		};
		BCF5F42C24DC6517002C2B53 /* Local */ = {
			isa = PBXGroup;
			children = (
				BCF5F42D24DC6526002C2B53 /* IssuesLocalDataManagerProtocol.swift */,
				BCF5F42F24DC6554002C2B53 /* IssuesLocalDataManager.swift */,
			);
			path = Local;
			sourceTree = "<group>";
		};
		BCF5F43124DC65DB002C2B53 /* Remote */ = {
			isa = PBXGroup;
			children = (
				BCF5F43224DC65E8002C2B53 /* IssuesRemoteDataManagerProtocol.swift */,
				BCF5F43424DC666D002C2B53 /* IssuesRemoteDataManager.swift */,
			);
			path = Remote;
			sourceTree = "<group>";
		};
		BCF5F43624DC682D002C2B53 /* WireFrame */ = {
			isa = PBXGroup;
			children = (
				BCF5F43724DC683E002C2B53 /* IssuesWireFrameProtocol.swift */,
				BCF5F43924DC6860002C2B53 /* IssuesWireFrame.swift */,
			);
			path = WireFrame;
			sourceTree = "<group>";
		};
		BCF5F43B24DC6B83002C2B53 /* Extension */ = {
			isa = PBXGroup;
			children = (
				BCF5F43C24DC6B8C002C2B53 /* Realm.swift */,
			);
			path = Extension;
			sourceTree = "<group>";
		};
		BCF5F43E24DC709D002C2B53 /* Interactor */ = {
			isa = PBXGroup;
			children = (
				BCF5F43F24DC70AD002C2B53 /* IssueDetailInteractorProtocol.swift */,
				BCF5F44124DC7199002C2B53 /* IssueDetailInteractor.swift */,
			);
			path = Interactor;
			sourceTree = "<group>";
		};
		BCF5F44324DC72D2002C2B53 /* Data */ = {
			isa = PBXGroup;
			children = (
				BCF5F44624DC7300002C2B53 /* IssueDetailLocalDataManagerProtocol.swift */,
				BCF5F44824DC732C002C2B53 /* IssueDetailLocalDataManager.swift */,
			);
			path = Data;
			sourceTree = "<group>";
		};
/* End PBXGroup section */

/* Begin PBXNativeTarget section */
		BC5ED41124D7EF6B0082147A /* ApolloGraphQL */ = {
			isa = PBXNativeTarget;
			buildConfigurationList = BC5ED42624D7EF6D0082147A /* Build configuration list for PBXNativeTarget "ApolloGraphQL" */;
			buildPhases = (
				74969231CE5AACC49A1ABA5A /* [CP] Check Pods Manifest.lock */,
				BC5ED42F24D85ABA0082147A /* ShellScript */,
				BC5ED40E24D7EF6B0082147A /* Sources */,
				BC5ED40F24D7EF6B0082147A /* Frameworks */,
				BC5ED41024D7EF6B0082147A /* Resources */,
				62E4E503B0A03256AEB3A8E8 /* [CP] Embed Pods Frameworks */,
			);
			buildRules = (
			);
			dependencies = (
			);
			name = ApolloGraphQL;
			productName = ApolloGraphQL;
			productReference = BC5ED41224D7EF6B0082147A /* ApolloGraphQL.app */;
			productType = "com.apple.product-type.application";
		};
/* End PBXNativeTarget section */

/* Begin PBXProject section */
		BC5ED40A24D7EF6B0082147A /* Project object */ = {
			isa = PBXProject;
			attributes = {
				LastSwiftUpdateCheck = 1130;
				LastUpgradeCheck = 1130;
				ORGANIZATIONNAME = prox.com;
				TargetAttributes = {
					BC5ED41124D7EF6B0082147A = {
						CreatedOnToolsVersion = 11.3.1;
					};
				};
			};
			buildConfigurationList = BC5ED40D24D7EF6B0082147A /* Build configuration list for PBXProject "ApolloGraphQL" */;
			compatibilityVersion = "Xcode 9.3";
			developmentRegion = en;
			hasScannedForEncodings = 0;
			knownRegions = (
				en,
				Base,
			);
			mainGroup = BC5ED40924D7EF6B0082147A;
			productRefGroup = BC5ED41324D7EF6B0082147A /* Products */;
			projectDirPath = "";
			projectRoot = "";
			targets = (
				BC5ED41124D7EF6B0082147A /* ApolloGraphQL */,
			);
		};
/* End PBXProject section */

/* Begin PBXResourcesBuildPhase section */
		BC5ED41024D7EF6B0082147A /* Resources */ = {
			isa = PBXResourcesBuildPhase;
			buildActionMask = 2147483647;
			files = (
				BC225CCF24D9D7C400E2D68A /* Login.storyboard in Resources */,
				BC225CD424D9DAD600E2D68A /* Issues.storyboard in Resources */,
				BC5ED42224D7EF6D0082147A /* LaunchScreen.storyboard in Resources */,
				BCD5940024DBB1B1007E155A /* IssueCommentTableViewCell.xib in Resources */,
				BCD593EC24DB15CE007E155A /* IssueDetail.storyboard in Resources */,
				BCD5940524DBB64E007E155A /* IssueDetailHeaderTableViewCell.xib in Resources */,
				BC5ED41F24D7EF6D0082147A /* Assets.xcassets in Resources */,
				BC5ED41D24D7EF6B0082147A /* Main.storyboard in Resources */,
				BCD593F424DBACB7007E155A /* IssueDetailTableViewHeaderView.xib in Resources */,
				BC225CDA24D9DDD400E2D68A /* IssuesTableViewCell.xib in Resources */,
				BCD593F924DBB0D8007E155A /* IssueDetailTableViewFooterView.xib in Resources */,
			);
			runOnlyForDeploymentPostprocessing = 0;
		};
/* End PBXResourcesBuildPhase section */

/* Begin PBXShellScriptBuildPhase section */
		62E4E503B0A03256AEB3A8E8 /* [CP] Embed Pods Frameworks */ = {
			isa = PBXShellScriptBuildPhase;
			buildActionMask = 2147483647;
			files = (
			);
			inputFileListPaths = (
				"${PODS_ROOT}/Target Support Files/Pods-ApolloGraphQL/Pods-ApolloGraphQL-frameworks-${CONFIGURATION}-input-files.xcfilelist",
			);
			name = "[CP] Embed Pods Frameworks";
			outputFileListPaths = (
				"${PODS_ROOT}/Target Support Files/Pods-ApolloGraphQL/Pods-ApolloGraphQL-frameworks-${CONFIGURATION}-output-files.xcfilelist",
			);
			runOnlyForDeploymentPostprocessing = 0;
			shellPath = /bin/sh;
			shellScript = "\"${PODS_ROOT}/Target Support Files/Pods-ApolloGraphQL/Pods-ApolloGraphQL-frameworks.sh\"\n";
			showEnvVarsInLog = 0;
		};
		74969231CE5AACC49A1ABA5A /* [CP] Check Pods Manifest.lock */ = {
			isa = PBXShellScriptBuildPhase;
			buildActionMask = 2147483647;
			files = (
			);
			inputFileListPaths = (
			);
			inputPaths = (
				"${PODS_PODFILE_DIR_PATH}/Podfile.lock",
				"${PODS_ROOT}/Manifest.lock",
			);
			name = "[CP] Check Pods Manifest.lock";
			outputFileListPaths = (
			);
			outputPaths = (
				"$(DERIVED_FILE_DIR)/Pods-ApolloGraphQL-checkManifestLockResult.txt",
			);
			runOnlyForDeploymentPostprocessing = 0;
			shellPath = /bin/sh;
			shellScript = "diff \"${PODS_PODFILE_DIR_PATH}/Podfile.lock\" \"${PODS_ROOT}/Manifest.lock\" > /dev/null\nif [ $? != 0 ] ; then\n    # print error to STDERR\n    echo \"error: The sandbox is not in sync with the Podfile.lock. Run 'pod install' or update your CocoaPods installation.\" >&2\n    exit 1\nfi\n# This output is used by Xcode 'outputs' to avoid re-running this script phase.\necho \"SUCCESS\" > \"${SCRIPT_OUTPUT_FILE_0}\"\n";
			showEnvVarsInLog = 0;
		};
		BC5ED42F24D85ABA0082147A /* ShellScript */ = {
			isa = PBXShellScriptBuildPhase;
			buildActionMask = 2147483647;
			files = (
			);
			inputFileListPaths = (
			);
			inputPaths = (
			);
			outputFileListPaths = (
			);
			outputPaths = (
			);
			runOnlyForDeploymentPostprocessing = 0;
			shellPath = /bin/sh;
			shellScript = "SCRIPT_PATH=\"${PODS_ROOT}/Apollo/scripts\"\ncd \"${SRCROOT}/${TARGET_NAME}\"\n\"${SCRIPT_PATH}\"/run-bundled-codegen.sh apollo-codegen download-schema https://api.github.com/graphql --header \"Authorization: bearer e1cffd92246b6b78a93aebbfc4d2ef720fef71c3\" --output schema.json\n";
		};
/* End PBXShellScriptBuildPhase section */

/* Begin PBXSourcesBuildPhase section */
		BC5ED40E24D7EF6B0082147A /* Sources */ = {
			isa = PBXSourcesBuildPhase;
			buildActionMask = 2147483647;
			files = (
				BC225CCA24D9D6C900E2D68A /* LoginViewController.swift in Sources */,
				BCF5F41C24DC3C03002C2B53 /* IssueDetailWireFrameProtocol.swift in Sources */,
				BC225CD824D9DDA200E2D68A /* IssuesTableViewCell.swift in Sources */,
				BCE2630824DBECEA00DAF90C /* PersonModel.swift in Sources */,
				BCF5F41024DBFD31002C2B53 /* IssueLabelsDetailModel.swift in Sources */,
				BCF5F44024DC70AD002C2B53 /* IssueDetailInteractorProtocol.swift in Sources */,
				BCF5F44224DC7199002C2B53 /* IssueDetailInteractor.swift in Sources */,
				BCD593F224DBAC7B007E155A /* IssueDetailTableViewHeaderView.swift in Sources */,
				BCD593FE24DBB184007E155A /* IssueCommentTableViewCell.swift in Sources */,
				BCD593EA24DB1573007E155A /* IssueDetailViewController.swift in Sources */,
				BC5ED41A24D7EF6B0082147A /* ViewController.swift in Sources */,
				BC225CC324D8927600E2D68A /* Networkl.swift in Sources */,
				BCF5F40B24DBF532002C2B53 /* IssueParticipantsModel.swift in Sources */,
				BCF5F43024DC6554002C2B53 /* IssuesLocalDataManager.swift in Sources */,
				BCF5F41224DC10EC002C2B53 /* IssueParticipantsNodeModel.swift in Sources */,
				BCF5F42A24DC6457002C2B53 /* IssuesInteractor.swift in Sources */,
				BCF5F42124DC5BB9002C2B53 /* IssuesPresenterProtocol.swift in Sources */,
				BC225CD224D9DA9B00E2D68A /* IssuesViewController.swift in Sources */,
				BCF5F44724DC7300002C2B53 /* IssueDetailLocalDataManagerProtocol.swift in Sources */,
				BCF5F40E24DBFB1C002C2B53 /* IssueLabelsModel.swift in Sources */,
				BCE2630224DBEB3100DAF90C /* IssueCommentNodeModel.swift in Sources */,
				BC5ED41624D7EF6B0082147A /* AppDelegate.swift in Sources */,
				BCF5F43824DC683E002C2B53 /* IssuesWireFrameProtocol.swift in Sources */,
				BCF5F43524DC666D002C2B53 /* IssuesRemoteDataManager.swift in Sources */,
				BC225CC624D9D26600E2D68A /* IssueModel.swift in Sources */,
				BCF5F43A24DC6860002C2B53 /* IssuesWireFrame.swift in Sources */,
				BCF5F42824DC6314002C2B53 /* IssuesInteractorProtocol.swift in Sources */,
				BCF5F42E24DC6526002C2B53 /* IssuesLocalDataManagerProtocol.swift in Sources */,
				BC5ED41824D7EF6B0082147A /* SceneDelegate.swift in Sources */,
				BCF5F44924DC732C002C2B53 /* IssueDetailLocalDataManager.swift in Sources */,
				BCE2630524DBEB5D00DAF90C /* IssueCommentNodeDetailModel.swift in Sources */,
				BCF5F40824DBF3AB002C2B53 /* IssueMilestoneModel.swift in Sources */,
				BCF5F41E24DC57B9002C2B53 /* IssueDetailWireFrame.swift in Sources */,
				BCE262F924DBE68900DAF90C /* PersonalAccessToken.swift in Sources */,
				BCE262FC24DBEAB700DAF90C /* IssueNodeModel.swift in Sources */,
				BCF5F42524DC62CC002C2B53 /* IssuesPresenter.swift in Sources */,
				BCE2630024DBEB1200DAF90C /* IssueNodeCommentModel.swift in Sources */,
				BC225CC124D88DA400E2D68A /* API.swift in Sources */,
				BCF5F40524DBF1E7002C2B53 /* IssueAssigneesNodeModel.swift in Sources */,
				BCF5F43D24DC6B8C002C2B53 /* Realm.swift in Sources */,
				BCD593F724DBB0A2007E155A /* IssueDetailTableViewFooterView.swift in Sources */,
				BC225CCD24D9D71700E2D68A /* Utils.swift in Sources */,
				BCF5F41424DC1B85002C2B53 /* IssueDetailViewProtocol.swift in Sources */,
				BCF5F42324DC6263002C2B53 /* IssuesViewProtocol.swift in Sources */,
				BCF5F41924DC3BBE002C2B53 /* IssueDetailPresenter.swift in Sources */,
				BCF5F40324DBEE5A002C2B53 /* IssueAssigneesModel.swift in Sources */,
				BCF5F43324DC65E8002C2B53 /* IssuesRemoteDataManagerProtocol.swift in Sources */,
				BCD5940324DBB61F007E155A /* IssueDetailHeaderTableViewCell.swift in Sources */,
				BCF5F41724DC2FE3002C2B53 /* IssueDetailPresenterProtocol.swift in Sources */,
			);
			runOnlyForDeploymentPostprocessing = 0;
		};
/* End PBXSourcesBuildPhase section */

/* Begin PBXVariantGroup section */
		BC5ED41B24D7EF6B0082147A /* Main.storyboard */ = {
			isa = PBXVariantGroup;
			children = (
				BC5ED41C24D7EF6B0082147A /* Base */,
			);
			name = Main.storyboard;
			sourceTree = "<group>";
		};
		BC5ED42024D7EF6D0082147A /* LaunchScreen.storyboard */ = {
			isa = PBXVariantGroup;
			children = (
				BC5ED42124D7EF6D0082147A /* Base */,
			);
			name = LaunchScreen.storyboard;
			sourceTree = "<group>";
		};
/* End PBXVariantGroup section */

/* Begin XCBuildConfiguration section */
		BC5ED42424D7EF6D0082147A /* Debug */ = {
			isa = XCBuildConfiguration;
			buildSettings = {
				ALWAYS_SEARCH_USER_PATHS = NO;
				CLANG_ANALYZER_NONNULL = YES;
				CLANG_ANALYZER_NUMBER_OBJECT_CONVERSION = YES_AGGRESSIVE;
				CLANG_CXX_LANGUAGE_STANDARD = "gnu++14";
				CLANG_CXX_LIBRARY = "libc++";
				CLANG_ENABLE_MODULES = YES;
				CLANG_ENABLE_OBJC_ARC = YES;
				CLANG_ENABLE_OBJC_WEAK = YES;
				CLANG_WARN_BLOCK_CAPTURE_AUTORELEASING = YES;
				CLANG_WARN_BOOL_CONVERSION = YES;
				CLANG_WARN_COMMA = YES;
				CLANG_WARN_CONSTANT_CONVERSION = YES;
				CLANG_WARN_DEPRECATED_OBJC_IMPLEMENTATIONS = YES;
				CLANG_WARN_DIRECT_OBJC_ISA_USAGE = YES_ERROR;
				CLANG_WARN_DOCUMENTATION_COMMENTS = YES;
				CLANG_WARN_EMPTY_BODY = YES;
				CLANG_WARN_ENUM_CONVERSION = YES;
				CLANG_WARN_INFINITE_RECURSION = YES;
				CLANG_WARN_INT_CONVERSION = YES;
				CLANG_WARN_NON_LITERAL_NULL_CONVERSION = YES;
				CLANG_WARN_OBJC_IMPLICIT_RETAIN_SELF = YES;
				CLANG_WARN_OBJC_LITERAL_CONVERSION = YES;
				CLANG_WARN_OBJC_ROOT_CLASS = YES_ERROR;
				CLANG_WARN_RANGE_LOOP_ANALYSIS = YES;
				CLANG_WARN_STRICT_PROTOTYPES = YES;
				CLANG_WARN_SUSPICIOUS_MOVE = YES;
				CLANG_WARN_UNGUARDED_AVAILABILITY = YES_AGGRESSIVE;
				CLANG_WARN_UNREACHABLE_CODE = YES;
				CLANG_WARN__DUPLICATE_METHOD_MATCH = YES;
				COPY_PHASE_STRIP = NO;
				DEBUG_INFORMATION_FORMAT = dwarf;
				ENABLE_STRICT_OBJC_MSGSEND = YES;
				ENABLE_TESTABILITY = YES;
				GCC_C_LANGUAGE_STANDARD = gnu11;
				GCC_DYNAMIC_NO_PIC = NO;
				GCC_NO_COMMON_BLOCKS = YES;
				GCC_OPTIMIZATION_LEVEL = 0;
				GCC_PREPROCESSOR_DEFINITIONS = (
					"DEBUG=1",
					"$(inherited)",
				);
				GCC_WARN_64_TO_32_BIT_CONVERSION = YES;
				GCC_WARN_ABOUT_RETURN_TYPE = YES_ERROR;
				GCC_WARN_UNDECLARED_SELECTOR = YES;
				GCC_WARN_UNINITIALIZED_AUTOS = YES_AGGRESSIVE;
				GCC_WARN_UNUSED_FUNCTION = YES;
				GCC_WARN_UNUSED_VARIABLE = YES;
				IPHONEOS_DEPLOYMENT_TARGET = 13.2;
				MTL_ENABLE_DEBUG_INFO = INCLUDE_SOURCE;
				MTL_FAST_MATH = YES;
				ONLY_ACTIVE_ARCH = YES;
				SDKROOT = iphoneos;
				SWIFT_ACTIVE_COMPILATION_CONDITIONS = DEBUG;
				SWIFT_OPTIMIZATION_LEVEL = "-Onone";
			};
			name = Debug;
		};
		BC5ED42524D7EF6D0082147A /* Release */ = {
			isa = XCBuildConfiguration;
			buildSettings = {
				ALWAYS_SEARCH_USER_PATHS = NO;
				CLANG_ANALYZER_NONNULL = YES;
				CLANG_ANALYZER_NUMBER_OBJECT_CONVERSION = YES_AGGRESSIVE;
				CLANG_CXX_LANGUAGE_STANDARD = "gnu++14";
				CLANG_CXX_LIBRARY = "libc++";
				CLANG_ENABLE_MODULES = YES;
				CLANG_ENABLE_OBJC_ARC = YES;
				CLANG_ENABLE_OBJC_WEAK = YES;
				CLANG_WARN_BLOCK_CAPTURE_AUTORELEASING = YES;
				CLANG_WARN_BOOL_CONVERSION = YES;
				CLANG_WARN_COMMA = YES;
				CLANG_WARN_CONSTANT_CONVERSION = YES;
				CLANG_WARN_DEPRECATED_OBJC_IMPLEMENTATIONS = YES;
				CLANG_WARN_DIRECT_OBJC_ISA_USAGE = YES_ERROR;
				CLANG_WARN_DOCUMENTATION_COMMENTS = YES;
				CLANG_WARN_EMPTY_BODY = YES;
				CLANG_WARN_ENUM_CONVERSION = YES;
				CLANG_WARN_INFINITE_RECURSION = YES;
				CLANG_WARN_INT_CONVERSION = YES;
				CLANG_WARN_NON_LITERAL_NULL_CONVERSION = YES;
				CLANG_WARN_OBJC_IMPLICIT_RETAIN_SELF = YES;
				CLANG_WARN_OBJC_LITERAL_CONVERSION = YES;
				CLANG_WARN_OBJC_ROOT_CLASS = YES_ERROR;
				CLANG_WARN_RANGE_LOOP_ANALYSIS = YES;
				CLANG_WARN_STRICT_PROTOTYPES = YES;
				CLANG_WARN_SUSPICIOUS_MOVE = YES;
				CLANG_WARN_UNGUARDED_AVAILABILITY = YES_AGGRESSIVE;
				CLANG_WARN_UNREACHABLE_CODE = YES;
				CLANG_WARN__DUPLICATE_METHOD_MATCH = YES;
				COPY_PHASE_STRIP = NO;
				DEBUG_INFORMATION_FORMAT = "dwarf-with-dsym";
				ENABLE_NS_ASSERTIONS = NO;
				ENABLE_STRICT_OBJC_MSGSEND = YES;
				GCC_C_LANGUAGE_STANDARD = gnu11;
				GCC_NO_COMMON_BLOCKS = YES;
				GCC_WARN_64_TO_32_BIT_CONVERSION = YES;
				GCC_WARN_ABOUT_RETURN_TYPE = YES_ERROR;
				GCC_WARN_UNDECLARED_SELECTOR = YES;
				GCC_WARN_UNINITIALIZED_AUTOS = YES_AGGRESSIVE;
				GCC_WARN_UNUSED_FUNCTION = YES;
				GCC_WARN_UNUSED_VARIABLE = YES;
				IPHONEOS_DEPLOYMENT_TARGET = 13.2;
				MTL_ENABLE_DEBUG_INFO = NO;
				MTL_FAST_MATH = YES;
				SDKROOT = iphoneos;
				SWIFT_COMPILATION_MODE = wholemodule;
				SWIFT_OPTIMIZATION_LEVEL = "-O";
				VALIDATE_PRODUCT = YES;
			};
			name = Release;
		};
		BC5ED42724D7EF6D0082147A /* Debug */ = {
			isa = XCBuildConfiguration;
			baseConfigurationReference = 74BD593F3FDBA95AE6414160 /* Pods-ApolloGraphQL.debug.xcconfig */;
			buildSettings = {
				ASSETCATALOG_COMPILER_APPICON_NAME = AppIcon;
				CODE_SIGN_STYLE = Automatic;
				DEVELOPMENT_TEAM = K2TYLYAWMK;
				INFOPLIST_FILE = ApolloGraphQL/Info.plist;
				LD_RUNPATH_SEARCH_PATHS = (
					"$(inherited)",
					"@executable_path/Frameworks",
				);
				PRODUCT_BUNDLE_IDENTIFIER = phuongdoan.ApolloGraphQL;
				PRODUCT_NAME = "$(TARGET_NAME)";
				SWIFT_VERSION = 5.0;
				TARGETED_DEVICE_FAMILY = "1,2";
			};
			name = Debug;
		};
		BC5ED42824D7EF6D0082147A /* Release */ = {
			isa = XCBuildConfiguration;
			baseConfigurationReference = ACDBA350A66947E99133F508 /* Pods-ApolloGraphQL.release.xcconfig */;
			buildSettings = {
				ASSETCATALOG_COMPILER_APPICON_NAME = AppIcon;
				CODE_SIGN_STYLE = Automatic;
				DEVELOPMENT_TEAM = K2TYLYAWMK;
				INFOPLIST_FILE = ApolloGraphQL/Info.plist;
				LD_RUNPATH_SEARCH_PATHS = (
					"$(inherited)",
					"@executable_path/Frameworks",
				);
				PRODUCT_BUNDLE_IDENTIFIER = phuongdoan.ApolloGraphQL;
				PRODUCT_NAME = "$(TARGET_NAME)";
				SWIFT_VERSION = 5.0;
				TARGETED_DEVICE_FAMILY = "1,2";
			};
			name = Release;
		};
/* End XCBuildConfiguration section */

/* Begin XCConfigurationList section */
		BC5ED40D24D7EF6B0082147A /* Build configuration list for PBXProject "ApolloGraphQL" */ = {
			isa = XCConfigurationList;
			buildConfigurations = (
				BC5ED42424D7EF6D0082147A /* Debug */,
				BC5ED42524D7EF6D0082147A /* Release */,
			);
			defaultConfigurationIsVisible = 0;
			defaultConfigurationName = Release;
		};
		BC5ED42624D7EF6D0082147A /* Build configuration list for PBXNativeTarget "ApolloGraphQL" */ = {
			isa = XCConfigurationList;
			buildConfigurations = (
				BC5ED42724D7EF6D0082147A /* Debug */,
				BC5ED42824D7EF6D0082147A /* Release */,
			);
			defaultConfigurationIsVisible = 0;
			defaultConfigurationName = Release;
		};
/* End XCConfigurationList section */
	};
	rootObject = BC5ED40A24D7EF6B0082147A /* Project object */;
}
